
Microsoft Visual Studio Solution File, Format Version 12.00
# Visual Studio Version 16
VisualStudioVersion = 16.0.29728.190
MinimumVisualStudioVersion = 10.0.40219.1
Project("{FAE04EC0-301F-11D3-BF4B-00C04F79EFBC}") = "Reproductor-de-Musica2", "Reproductor-de-Musica2\Reproductor-de-Musica2.csproj", "{6434EB8F-6DBB-4FCF-9235-39B5D97AEE0B}"
EndProject
Global
	GlobalSection(SolutionConfigurationPlatforms) = preSolution
		Debug|Any CPU = Debug|Any CPU
		Release|Any CPU = Release|Any CPU
	EndGlobalSection
	GlobalSection(ProjectConfigurationPlatforms) = postSolution
		{6434EB8F-6DBB-4FCF-9235-39B5D97AEE0B}.Debug|Any CPU.ActiveCfg = Debug|Any CPU
		{6434EB8F-6DBB-4FCF-9235-39B5D97AEE0B}.Debug|Any CPU.Build.0 = Debug|Any CPU
		{6434EB8F-6DBB-4FCF-9235-39B5D97AEE0B}.Release|Any CPU.ActiveCfg = Release|Any CPU
		{6434EB8F-6DBB-4FCF-9235-39B5D97AEE0B}.Release|Any CPU.Build.0 = Release|Any CPU
	EndGlobalSection
	GlobalSection(SolutionProperties) = preSolution
		HideSolutionNode = FALSE
	EndGlobalSection
	GlobalSection(ExtensibilityGlobals) = postSolution
		SolutionGuid = {58926726-0DF4-431E-9B9D-BCD678099BBA}
	EndGlobalSection
EndGlobal
